<Solution>
  <Project Path="MerryYellow.CodeAssist.Editor.csproj" />
  <Project Path="MagicaClothV2.csproj" />
  <Project Path="Assembly-CSharp.csproj" />
  <Project Path="MagicaClothV2.Editor.csproj" />
  <Project Path="Assembly-CSharp-Editor.csproj" />
  <Project Path="Assembly-CSharp-firstpass.csproj" />
  <Project Path="Assembly-CSharp-Editor-firstpass.csproj" />
</Solution>
